
Microsoft Visual Studio Solution File, Format Version 12.00
# Visual Studio Version 16
VisualStudioVersion = 16.0.31702.278
MinimumVisualStudioVersion = 10.0.40219.1
Project("{FAE04EC0-301F-11D3-BF4B-00C04F79EFBC}") = "Demo_MVC_ANGULARJS", "Demo_MVC_ANGULARJS\Demo_MVC_ANGULARJS.csproj", "{DB03AB66-8431-4070-9A68-F66D0369C1F7}"
EndProject
Global
	GlobalSection(SolutionConfigurationPlatforms) = preSolution
		Debug|Any CPU = Debug|Any CPU
		Release|Any CPU = Release|Any CPU
	EndGlobalSection
	GlobalSection(ProjectConfigurationPlatforms) = postSolution
		{DB03AB66-8431-4070-9A68-F66D0369C1F7}.Debug|Any CPU.ActiveCfg = Debug|Any CPU
		{DB03AB66-8431-4070-9A68-F66D0369C1F7}.Debug|Any CPU.Build.0 = Debug|Any CPU
		{DB03AB66-8431-4070-9A68-F66D0369C1F7}.Release|Any CPU.ActiveCfg = Release|Any CPU
		{DB03AB66-8431-4070-9A68-F66D0369C1F7}.Release|Any CPU.Build.0 = Release|Any CPU
	EndGlobalSection
	GlobalSection(SolutionProperties) = preSolution
		HideSolutionNode = FALSE
	EndGlobalSection
	GlobalSection(ExtensibilityGlobals) = postSolution
		SolutionGuid = {809F46DE-D9B7-46A8-AE84-A9A054E5809B}
	EndGlobalSection
EndGlobal
